<?xml version="1.0" encoding="utf-8"?>
<Project ToolsVersion="4.0" xmlns="http://schemas.microsoft.com/developer/msbuild/2003">
  <ItemGroup>
    <Filter Include="ソース ファイル">
      <UniqueIdentifier>{4FC737F1-C7A5-4376-A066-2A32D752A2FF}</UniqueIdentifier>
      <Extensions>cpp;c;cc;cxx;c++;cppm;ixx;def;odl;idl;hpj;bat;asm;asmx</Extensions>
    </Filter>
    <Filter Include="ヘッダー ファイル">
      <UniqueIdentifier>{93995380-89BD-4b04-88EB-625FBE52EBFB}</UniqueIdentifier>
      <Extensions>h;hh;hpp;hxx;h++;hm;inl;inc;ipp;xsd</Extensions>
    </Filter>
    <Filter Include="リソース ファイル">
      <UniqueIdentifier>{67DA6AB6-F800-4c08-8B7A-83BB121AAD01}</UniqueIdentifier>
      <Extensions>rc;ico;cur;bmp;dlg;rc2;rct;bin;rgs;gif;jpg;jpeg;jpe;resx;tiff;tif;png;wav;mfcribbon-ms</Extensions>
    </Filter>
    <Filter Include="ソース ファイル\ImGUI">
      <UniqueIdentifier>{56943d2d-4776-4d67-a119-098e2e36e2a0}</UniqueIdentifier>
    </Filter>
    <Filter Include="ヘッダー ファイル\ImGUI">
      <UniqueIdentifier>{2d1ad278-6a9a-408e-835c-6d14c5ed622b}</UniqueIdentifier>
    </Filter>
    <Filter Include="ソース ファイル\Component">
      <UniqueIdentifier>{6a115e01-8ece-43cd-a50d-def203a4a447}</UniqueIdentifier>
    </Filter>
    <Filter Include="ヘッダー ファイル\Component">
      <UniqueIdentifier>{13ed06cc-6ae4-4f93-ba1b-3fca9caf5e27}</UniqueIdentifier>
    </Filter>
    <Filter Include="ソース ファイル\Editor">
      <UniqueIdentifier>{07550428-0aa6-4cef-a168-9ded03631108}</UniqueIdentifier>
    </Filter>
    <Filter Include="ソース ファイル\InputSystem">
      <UniqueIdentifier>{4b419330-cfdb-4451-805e-8b04f83e3f80}</UniqueIdentifier>
    </Filter>
    <Filter Include="ソース ファイル\EngineSystem">
      <UniqueIdentifier>{acf5b822-5cd6-40a3-b370-2dddbe510be0}</UniqueIdentifier>
    </Filter>
    <Filter Include="ソース ファイル\Object">
      <UniqueIdentifier>{7fc75733-da81-4c0f-b5db-7de1da9f11be}</UniqueIdentifier>
    </Filter>
    <Filter Include="ヘッダー ファイル\Editor">
      <UniqueIdentifier>{c776937a-0250-42b6-9fd7-4eea22201162}</UniqueIdentifier>
    </Filter>
    <Filter Include="ヘッダー ファイル\InputSystem">
      <UniqueIdentifier>{a2cf2b76-f2c1-4b29-9d8d-db868bf0d8ad}</UniqueIdentifier>
    </Filter>
    <Filter Include="ヘッダー ファイル\EngineSystem">
      <UniqueIdentifier>{a5ec8193-c3fa-488f-84b9-2f196ac67721}</UniqueIdentifier>
    </Filter>
    <Filter Include="ヘッダー ファイル\Object">
      <UniqueIdentifier>{a56b66ae-a88d-43a4-b80f-f50934e214f7}</UniqueIdentifier>
    </Filter>
    <Filter Include="shader">
      <UniqueIdentifier>{f1a4d007-abeb-423e-b542-8a443998aca7}</UniqueIdentifier>
    </Filter>
  </ItemGroup>
  <ItemGroup>
    <ClInclude Include="Vector4O.h">
      <Filter>ヘッダー ファイル</Filter>
    </ClInclude>
    <ClInclude Include="imconfig.h">
      <Filter>ヘッダー ファイル\ImGUI</Filter>
    </ClInclude>
    <ClInclude Include="imgui.h">
      <Filter>ヘッダー ファイル\ImGUI</Filter>
    </ClInclude>
    <ClInclude Include="imgui_impl_dx11.h">
      <Filter>ヘッダー ファイル\ImGUI</Filter>
    </ClInclude>
    <ClInclude Include="imgui_impl_win32.h">
      <Filter>ヘッダー ファイル\ImGUI</Filter>
    </ClInclude>
    <ClInclude Include="imgui_internal.h">
      <Filter>ヘッダー ファイル\ImGUI</Filter>
    </ClInclude>
    <ClInclude Include="imstb_rectpack.h">
      <Filter>ヘッダー ファイル\ImGUI</Filter>
    </ClInclude>
    <ClInclude Include="imstb_textedit.h">
      <Filter>ヘッダー ファイル\ImGUI</Filter>
    </ClInclude>
    <ClInclude Include="imstb_truetype.h">
      <Filter>ヘッダー ファイル\ImGUI</Filter>
    </ClInclude>
    <ClInclude Include="Component.h">
      <Filter>ヘッダー ファイル\Component</Filter>
    </ClInclude>
    <ClInclude Include="Component_Camera.h">
      <Filter>ヘッダー ファイル\Component</Filter>
    </ClInclude>
    <ClInclude Include="Component_Transform.h">
      <Filter>ヘッダー ファイル\Component</Filter>
    </ClInclude>
    <ClInclude Include="MatrixO.h">
      <Filter>ヘッダー ファイル</Filter>
    </ClInclude>
    <ClInclude Include="Component_CubeMesh.h">
      <Filter>ヘッダー ファイル\Component</Filter>
    </ClInclude>
    <ClInclude Include="Component_InputSystem.h">
      <Filter>ヘッダー ファイル\Component</Filter>
    </ClInclude>
    <ClInclude Include="Component_MeshFilter.h">
      <Filter>ヘッダー ファイル\Component</Filter>
    </ClInclude>
    <ClInclude Include="Component_MeshRenderer.h">
      <Filter>ヘッダー ファイル\Component</Filter>
    </ClInclude>
    <ClInclude Include="Editor.h">
      <Filter>ヘッダー ファイル\Editor</Filter>
    </ClInclude>
    <ClInclude Include="EditorView.h">
      <Filter>ヘッダー ファイル\Editor</Filter>
    </ClInclude>
    <ClInclude Include="EditorWindow.h">
      <Filter>ヘッダー ファイル\Editor</Filter>
    </ClInclude>
    <ClInclude Include="Gamepad.h">
      <Filter>ヘッダー ファイル\InputSystem</Filter>
    </ClInclude>
    <ClInclude Include="Keyboard.h">
      <Filter>ヘッダー ファイル\InputSystem</Filter>
    </ClInclude>
    <ClInclude Include="Mouse.h">
      <Filter>ヘッダー ファイル\InputSystem</Filter>
    </ClInclude>
    <ClInclude Include="FrameWork.h">
      <Filter>ヘッダー ファイル\EngineSystem</Filter>
    </ClInclude>
    <ClInclude Include="MainEngine.h">
      <Filter>ヘッダー ファイル\EngineSystem</Filter>
    </ClInclude>
    <ClInclude Include="Renderer.h">
      <Filter>ヘッダー ファイル\EngineSystem</Filter>
    </ClInclude>
    <ClInclude Include="GUI.h">
      <Filter>ヘッダー ファイル\Editor</Filter>
    </ClInclude>
    <ClInclude Include="Material.h">
      <Filter>ヘッダー ファイル\Object</Filter>
    </ClInclude>
    <ClInclude Include="Object.h">
      <Filter>ヘッダー ファイル\Object</Filter>
    </ClInclude>
    <ClInclude Include="ModelLoader.h">
      <Filter>ヘッダー ファイル</Filter>
    </ClInclude>
    <ClInclude Include="AssimpMeshRenderer.h">
      <Filter>ヘッダー ファイル</Filter>
    </ClInclude>
    <ClInclude Include="PlaneMesh.h">
      <Filter>ヘッダー ファイル</Filter>
    </ClInclude>
    <ClInclude Include="OBJLoader.h">
      <Filter>ヘッダー ファイル</Filter>
    </ClInclude>
    <ClInclude Include="EditorCamera.h">
      <Filter>ヘッダー ファイル</Filter>
    </ClInclude>
  </ItemGroup>
  <ItemGroup>
    <ClCompile Include="imgui_widgets.cpp">
      <Filter>ソース ファイル\ImGUI</Filter>
    </ClCompile>
    <ClCompile Include="imgui_tables.cpp">
      <Filter>ソース ファイル\ImGUI</Filter>
    </ClCompile>
    <ClCompile Include="imgui_impl_win32.cpp">
      <Filter>ソース ファイル\ImGUI</Filter>
    </ClCompile>
    <ClCompile Include="imgui_impl_dx11.cpp">
      <Filter>ソース ファイル\ImGUI</Filter>
    </ClCompile>
    <ClCompile Include="imgui_draw.cpp">
      <Filter>ソース ファイル\ImGUI</Filter>
    </ClCompile>
    <ClCompile Include="imgui_demo.cpp">
      <Filter>ソース ファイル\ImGUI</Filter>
    </ClCompile>
    <ClCompile Include="imgui.cpp">
      <Filter>ソース ファイル\ImGUI</Filter>
    </ClCompile>
    <ClCompile Include="Component.cpp">
      <Filter>ソース ファイル\Component</Filter>
    </ClCompile>
    <ClCompile Include="Component_Camera.cpp">
      <Filter>ソース ファイル\Component</Filter>
    </ClCompile>
    <ClCompile Include="Component_Transform.cpp">
      <Filter>ソース ファイル\Component</Filter>
    </ClCompile>
    <ClCompile Include="Component_CubeMesh.cpp">
      <Filter>ソース ファイル\Component</Filter>
    </ClCompile>
    <ClCompile Include="Component_InputSystem.cpp">
      <Filter>ソース ファイル\Component</Filter>
    </ClCompile>
    <ClCompile Include="Component_MeshFilter.cpp">
      <Filter>ソース ファイル\Component</Filter>
    </ClCompile>
    <ClCompile Include="Component_MeshRenderer.cpp">
      <Filter>ソース ファイル\Component</Filter>
    </ClCompile>
    <ClCompile Include="Editor.cpp">
      <Filter>ソース ファイル\Editor</Filter>
    </ClCompile>
    <ClCompile Include="EditorView.cpp">
      <Filter>ソース ファイル\Editor</Filter>
    </ClCompile>
    <ClCompile Include="EditorWindow.cpp">
      <Filter>ソース ファイル\Editor</Filter>
    </ClCompile>
    <ClCompile Include="Gamepad.cpp">
      <Filter>ソース ファイル\InputSystem</Filter>
    </ClCompile>
    <ClCompile Include="Keyboard.cpp">
      <Filter>ソース ファイル\InputSystem</Filter>
    </ClCompile>
    <ClCompile Include="Mouse.cpp">
      <Filter>ソース ファイル\InputSystem</Filter>
    </ClCompile>
    <ClCompile Include="MainEngine.cpp">
      <Filter>ソース ファイル\EngineSystem</Filter>
    </ClCompile>
    <ClCompile Include="Renderer.cpp">
      <Filter>ソース ファイル\EngineSystem</Filter>
    </ClCompile>
    <ClCompile Include="GUI.cpp">
      <Filter>ソース ファイル\Editor</Filter>
    </ClCompile>
    <ClCompile Include="Material.cpp">
      <Filter>ソース ファイル\Object</Filter>
    </ClCompile>
    <ClCompile Include="Object.cpp">
      <Filter>ソース ファイル\Object</Filter>
    </ClCompile>
    <ClCompile Include="ModelLoader.cpp">
      <Filter>ソース ファイル</Filter>
    </ClCompile>
    <ClCompile Include="AssimpMeshRenderer.cpp">
      <Filter>ソース ファイル</Filter>
    </ClCompile>
    <ClCompile Include="main.cpp">
      <Filter>ソース ファイル</Filter>
    </ClCompile>
    <ClCompile Include="PlaneMesh.cpp">
      <Filter>ソース ファイル</Filter>
    </ClCompile>
    <ClCompile Include="OBJLoader.cpp">
      <Filter>ソース ファイル</Filter>
    </ClCompile>
    <ClCompile Include="EditorCamera.cpp">
      <Filter>ソース ファイル</Filter>
    </ClCompile>
  </ItemGroup>
  <ItemGroup>
    <FxCompile Include="shader\blinnPhongPS.hlsl">
      <Filter>shader</Filter>
    </FxCompile>
    <FxCompile Include="shader\blinnPhongVS.hlsl">
      <Filter>shader</Filter>
    </FxCompile>
    <FxCompile Include="shader\common.hlsl">
      <Filter>shader</Filter>
    </FxCompile>
    <FxCompile Include="shader\grayscalePS.hlsl">
      <Filter>shader</Filter>
    </FxCompile>
    <FxCompile Include="shader\grayscaleVS.hlsl">
      <Filter>shader</Filter>
    </FxCompile>
    <FxCompile Include="shader\pixelLightingPS.hlsl">
      <Filter>shader</Filter>
    </FxCompile>
    <FxCompile Include="shader\pixelLightingVS.hlsl">
      <Filter>shader</Filter>
    </FxCompile>
    <FxCompile Include="shader\unlitColorPS.hlsl">
      <Filter>shader</Filter>
    </FxCompile>
    <FxCompile Include="shader\unlitColorVS.hlsl">
      <Filter>shader</Filter>
    </FxCompile>
    <FxCompile Include="shader\unlitTexturePS.hlsl">
      <Filter>shader</Filter>
    </FxCompile>
    <FxCompile Include="shader\unlitTextureVS.hlsl">
      <Filter>shader</Filter>
    </FxCompile>
    <FxCompile Include="shader\vertexDirectionalLightingPS.hlsl">
      <Filter>shader</Filter>
    </FxCompile>
    <FxCompile Include="shader\vertexDirectionalLightingVS.hlsl">
      <Filter>shader</Filter>
    </FxCompile>
    <FxCompile Include="shader\pixelShader.hlsl">
      <Filter>shader</Filter>
    </FxCompile>
    <FxCompile Include="shader\vertexShader.hlsl">
      <Filter>shader</Filter>
    </FxCompile>
    <FxCompile Include="shader\hemisphereLightingPS.hlsl">
      <Filter>shader</Filter>
    </FxCompile>
    <FxCompile Include="shader\hemisphereLightingVS.hlsl">
      <Filter>shader</Filter>
    </FxCompile>
  </ItemGroup>
</Project>