<?xml version="1.0" encoding="utf-8"?>
<Project ToolsVersion="4.0" xmlns="http://schemas.microsoft.com/developer/msbuild/2003">
  <ItemGroup>
    <Filter Include="ソース ファイル">
      <UniqueIdentifier>{4FC737F1-C7A5-4376-A066-2A32D752A2FF}</UniqueIdentifier>
      <Extensions>cpp;c;cc;cxx;c++;cppm;ixx;def;odl;idl;hpj;bat;asm;asmx</Extensions>
    </Filter>
    <Filter Include="ヘッダー ファイル">
      <UniqueIdentifier>{93995380-89BD-4b04-88EB-625FBE52EBFB}</UniqueIdentifier>
      <Extensions>h;hh;hpp;hxx;h++;hm;inl;inc;ipp;xsd</Extensions>
    </Filter>
    <Filter Include="リソース ファイル">
      <UniqueIdentifier>{67DA6AB6-F800-4c08-8B7A-83BB121AAD01}</UniqueIdentifier>
      <Extensions>rc;ico;cur;bmp;dlg;rc2;rct;bin;rgs;gif;jpg;jpeg;jpe;resx;tiff;tif;png;wav;mfcribbon-ms</Extensions>
    </Filter>
    <Filter Include="シェーダー ファイル">
      <UniqueIdentifier>{687d686d-bfd2-4d29-8d36-ebff526d6a19}</UniqueIdentifier>
    </Filter>
    <Filter Include="ソース ファイル\Script">
      <UniqueIdentifier>{947b433e-45d1-41c7-ab1c-94e6aea80e29}</UniqueIdentifier>
    </Filter>
    <Filter Include="ソース ファイル\EngineSystem">
      <UniqueIdentifier>{99806f08-30a8-42d8-8908-104f77318fbd}</UniqueIdentifier>
    </Filter>
    <Filter Include="ソース ファイル\ImGui">
      <UniqueIdentifier>{c36011a9-d1c9-4054-b993-75bd93ec10b0}</UniqueIdentifier>
    </Filter>
    <Filter Include="ソース ファイル\Component">
      <UniqueIdentifier>{920360dd-57d2-4e99-b555-0b7cf36b97eb}</UniqueIdentifier>
    </Filter>
    <Filter Include="ソース ファイル\assimp">
      <UniqueIdentifier>{4698d0c9-ccb5-444d-bc1e-e865eb3278d1}</UniqueIdentifier>
    </Filter>
    <Filter Include="ソース ファイル\DataManager">
      <UniqueIdentifier>{644d1c21-1d00-4c15-a302-7b4c5810493d}</UniqueIdentifier>
    </Filter>
    <Filter Include="ソース ファイル\Input">
      <UniqueIdentifier>{213d8786-d0e8-499c-b2ca-518c4d190f11}</UniqueIdentifier>
    </Filter>
    <Filter Include="ヘッダー ファイル\EngineSystem">
      <UniqueIdentifier>{7f611c7a-5c8c-4c43-803e-b578a24cc7f2}</UniqueIdentifier>
    </Filter>
    <Filter Include="ヘッダー ファイル\ImGui">
      <UniqueIdentifier>{1d94bde7-d5e3-4556-951c-fe87a38cba3f}</UniqueIdentifier>
    </Filter>
    <Filter Include="ヘッダー ファイル\Component">
      <UniqueIdentifier>{cb1c527c-3eba-4130-a3d1-864ad5444881}</UniqueIdentifier>
    </Filter>
    <Filter Include="ヘッダー ファイル\Assimp">
      <UniqueIdentifier>{46228570-c39a-431f-bb87-948cfb656bf0}</UniqueIdentifier>
    </Filter>
    <Filter Include="ヘッダー ファイル\DataManager">
      <UniqueIdentifier>{a5ba88e4-17ef-4adb-bc21-4a1a30b6b9fd}</UniqueIdentifier>
    </Filter>
    <Filter Include="ヘッダー ファイル\Input">
      <UniqueIdentifier>{cb17b9be-0eec-4f90-af55-326190c7e93c}</UniqueIdentifier>
    </Filter>
    <Filter Include="ヘッダー ファイル\Script">
      <UniqueIdentifier>{5d5f28b0-e165-4ef7-98d7-28ceed54ed48}</UniqueIdentifier>
    </Filter>
    <Filter Include="ヘッダー ファイル\RuntimeCompile">
      <UniqueIdentifier>{969ca9cf-012a-4b21-b3e4-9201e5d29886}</UniqueIdentifier>
    </Filter>
  </ItemGroup>
  <ItemGroup>
    <Image Include="resource\bitmap1.bmp">
      <Filter>リソース ファイル</Filter>
    </Image>
    <Image Include="resource\bitmap2.bmp">
      <Filter>リソース ファイル</Filter>
    </Image>
    <Image Include="resource\toolbar1.bmp">
      <Filter>リソース ファイル</Filter>
    </Image>
  </ItemGroup>
  <ItemGroup>
    <None Include="resource\cursor1.cur">
      <Filter>リソース ファイル</Filter>
    </None>
    <None Include="resource\cursor2.cur">
      <Filter>リソース ファイル</Filter>
    </None>
    <None Include="resource\FilePathDialog.aps" />
    <None Include="resource\html1.htm" />
    <None Include="resource\NODROP.cur">
      <Filter>リソース ファイル</Filter>
    </None>
    <None Include="resource\POINTER.cur">
      <Filter>リソース ファイル</Filter>
    </None>
    <None Include="resource\POINTER_COPY.cur">
      <Filter>リソース ファイル</Filter>
    </None>
    <None Include="resource\ribbon1.mfcribbon-ms">
      <Filter>リソース ファイル</Filter>
    </None>
    <None Include="ClassDiagram.cd" />
  </ItemGroup>
  <ItemGroup>
    <ResourceCompile Include="resource\FilePathDialog.rc">
      <Filter>リソース ファイル</Filter>
    </ResourceCompile>
  </ItemGroup>
  <ItemGroup>
    <ClCompile Include="code\components\Animation.cpp">
      <Filter>ソース ファイル\Component</Filter>
    </ClCompile>
    <ClCompile Include="code\components\Audio.cpp">
      <Filter>ソース ファイル\Component</Filter>
    </ClCompile>
    <ClCompile Include="code\EngineSystem\AudioManager.cpp">
      <Filter>ソース ファイル\EngineSystem</Filter>
    </ClCompile>
    <ClCompile Include="code\components\Billboard.cpp">
      <Filter>ソース ファイル\Component</Filter>
    </ClCompile>
    <ClCompile Include="code\components\Collider.cpp">
      <Filter>ソース ファイル\Component</Filter>
    </ClCompile>
    <ClCompile Include="code\EngineSystem\CollisionManager.cpp">
      <Filter>ソース ファイル\EngineSystem</Filter>
    </ClCompile>
    <ClCompile Include="code\components\Component.cpp">
      <Filter>ソース ファイル\Component</Filter>
    </ClCompile>
    <ClCompile Include="code\components\Component_Camera.cpp">
      <Filter>ソース ファイル\Component</Filter>
    </ClCompile>
    <ClCompile Include="code\components\Component_CubeMesh.cpp">
      <Filter>ソース ファイル\Component</Filter>
    </ClCompile>
    <ClCompile Include="code\components\Component_InputSystem.cpp">
      <Filter>ソース ファイル\Component</Filter>
    </ClCompile>
    <ClCompile Include="code\EngineSystem\Component_Light.cpp">
      <Filter>ソース ファイル\Component</Filter>
    </ClCompile>
    <ClCompile Include="code\components\Component_MeshFilter.cpp">
      <Filter>ソース ファイル\Component</Filter>
    </ClCompile>
    <ClCompile Include="code\components\Component_MeshRenderer.cpp">
      <Filter>ソース ファイル\Component</Filter>
    </ClCompile>
    <ClCompile Include="code\components\Component_Transform.cpp">
      <Filter>ソース ファイル\Component</Filter>
    </ClCompile>
    <ClCompile Include="code\EngineSystem\ComponentFactory.cpp">
      <Filter>ソース ファイル\EngineSystem</Filter>
    </ClCompile>
    <ClCompile Include="code\DataManager\CSVExporter.cpp">
      <Filter>ソース ファイル\DataManager</Filter>
    </ClCompile>
    <ClCompile Include="code\DataManager\SceneExporter.cpp">
      <Filter>ソース ファイル\DataManager</Filter>
    </ClCompile>
    <ClCompile Include="code\DataManager\CSVImporter.cpp">
      <Filter>ソース ファイル\DataManager</Filter>
    </ClCompile>
    <ClCompile Include="code\DataManager\SceneImporter.cpp">
      <Filter>ソース ファイル\DataManager</Filter>
    </ClCompile>
    <ClCompile Include="code\DataManager\Prefab.cpp">
      <Filter>ソース ファイル\DataManager</Filter>
    </ClCompile>
    <ClCompile Include="code\components\EditorCamera.cpp">
      <Filter>ソース ファイル\Component</Filter>
    </ClCompile>
    <ClCompile Include="code\EngineSystem\Editor.cpp">
      <Filter>ソース ファイル\EngineSystem</Filter>
    </ClCompile>
    <ClCompile Include="code\EngineSystem\EditorView.cpp">
      <Filter>ソース ファイル\EngineSystem</Filter>
    </ClCompile>
    <ClCompile Include="code\EngineSystem\EditorWindow.cpp">
      <Filter>ソース ファイル\EngineSystem</Filter>
    </ClCompile>
    <ClCompile Include="code\EngineSystem\EngineMetaFile.cpp">
      <Filter>ソース ファイル\EngineSystem</Filter>
    </ClCompile>
    <ClCompile Include="code\DataManager\FBXImporter.cpp">
      <Filter>ソース ファイル\DataManager</Filter>
    </ClCompile>
    <ClCompile Include="code\input\Gamepad.cpp">
      <Filter>ソース ファイル\Input</Filter>
    </ClCompile>
    <ClCompile Include="code\EngineSystem\GUI.cpp">
      <Filter>ソース ファイル\EngineSystem</Filter>
    </ClCompile>
    <ClCompile Include="code\imgui\imgui.cpp">
      <Filter>ソース ファイル\ImGui</Filter>
    </ClCompile>
    <ClCompile Include="code\imgui\imgui_draw.cpp">
      <Filter>ソース ファイル\ImGui</Filter>
    </ClCompile>
    <ClCompile Include="code\imgui\imgui_impl_dx11.cpp">
      <Filter>ソース ファイル\ImGui</Filter>
    </ClCompile>
    <ClCompile Include="code\imgui\imgui_impl_win32.cpp">
      <Filter>ソース ファイル\ImGui</Filter>
    </ClCompile>
    <ClCompile Include="code\imgui\imgui_tables.cpp">
      <Filter>ソース ファイル\ImGui</Filter>
    </ClCompile>
    <ClCompile Include="code\imgui\imgui_widgets.cpp">
      <Filter>ソース ファイル\ImGui</Filter>
    </ClCompile>
    <ClCompile Include="code\imgui\ImGuizmo.cpp">
      <Filter>ソース ファイル\ImGui</Filter>
    </ClCompile>
    <ClCompile Include="code\EngineSystem\Inspector.cpp">
      <Filter>ソース ファイル\EngineSystem</Filter>
    </ClCompile>
    <ClCompile Include="code\input\Keyboard.cpp">
      <Filter>ソース ファイル\Input</Filter>
    </ClCompile>
    <ClCompile Include="scripts\main.cpp">
      <Filter>ソース ファイル\EngineSystem</Filter>
    </ClCompile>
    <ClCompile Include="code\EngineSystem\MainEngine.cpp">
      <Filter>ソース ファイル\EngineSystem</Filter>
    </ClCompile>
    <ClCompile Include="code\EngineSystem\Material.cpp">
      <Filter>ソース ファイル\EngineSystem</Filter>
    </ClCompile>
    <ClCompile Include="code\components\MeshField.cpp">
      <Filter>ソース ファイル\Component</Filter>
    </ClCompile>
    <ClCompile Include="code\input\Mouse.cpp">
      <Filter>ソース ファイル\Input</Filter>
    </ClCompile>
    <ClCompile Include="code\EngineSystem\Object.cpp">
      <Filter>ソース ファイル\EngineSystem</Filter>
    </ClCompile>
    <ClCompile Include="code\DataManager\OBJLoader.cpp">
      <Filter>ソース ファイル\DataManager</Filter>
    </ClCompile>
    <ClCompile Include="code\EngineSystem\ParticleManager.cpp">
      <Filter>ソース ファイル\EngineSystem</Filter>
    </ClCompile>
    <ClCompile Include="code\components\Particle.cpp">
      <Filter>ソース ファイル\Component</Filter>
    </ClCompile>
    <ClCompile Include="code\components\PlaneMesh.cpp">
      <Filter>ソース ファイル\Component</Filter>
    </ClCompile>
    <ClCompile Include="code\EngineSystem\PostProcessRenderer.cpp">
      <Filter>ソース ファイル\Component</Filter>
    </ClCompile>
    <ClCompile Include="code\EngineSystem\PostProcessTexture.cpp">
      <Filter>ソース ファイル\Component</Filter>
    </ClCompile>
    <ClCompile Include="code\components\Renderer.cpp">
      <Filter>ソース ファイル\Component</Filter>
    </ClCompile>
    <ClCompile Include="code\components\RenderTexture.cpp">
      <Filter>ソース ファイル\Component</Filter>
    </ClCompile>
    <ClCompile Include="code\EngineSystem\ScriptComponent.cpp">
      <Filter>ソース ファイル\Component</Filter>
    </ClCompile>
    <ClCompile Include="code\components\SkinnedMeshRenderer.cpp">
      <Filter>ソース ファイル\Component</Filter>
    </ClCompile>
    <ClCompile Include="code\components\SpriteMesh.cpp">
      <Filter>ソース ファイル\Component</Filter>
    </ClCompile>
    <ClCompile Include="code\EngineSystem\RenderCore.cpp">
      <Filter>ソース ファイル\EngineSystem</Filter>
    </ClCompile>
    <ClCompile Include="code\EngineSystem\ScriptDirectoryWatcher.cpp">
      <Filter>ソース ファイル\EngineSystem</Filter>
    </ClCompile>
    <ClCompile Include="code\EngineSystem\ProjectWindow.cpp">
      <Filter>ソース ファイル\EngineSystem</Filter>
    </ClCompile>
    <ClCompile Include="scripts\PlayerControl.cpp">
      <Filter>ソース ファイル\Script</Filter>
    </ClCompile>
    <ClCompile Include="scripts\Score.cpp">
      <Filter>ソース ファイル</Filter>
    </ClCompile>
    <ClCompile Include="code\EngineSystem\Script.cpp">
      <Filter>ソース ファイル\Script</Filter>
    </ClCompile>
    <ClCompile Include="code\EngineSystem\SystemMonitor.cpp">
      <Filter>ソース ファイル</Filter>
    </ClCompile>
    <ClCompile Include="code\EngineSystem\TimeSystem.cpp">
      <Filter>ソース ファイル</Filter>
    </ClCompile>
    <ClCompile Include="code\components\MeshFieldCollider.cpp">
      <Filter>ソース ファイル</Filter>
    </ClCompile>
    <ClCompile Include="code\components\Rigidbody.cpp">
      <Filter>ソース ファイル</Filter>
    </ClCompile>
    <ClCompile Include="code\components\Sky.cpp">
      <Filter>ソース ファイル</Filter>
    </ClCompile>
    <ClCompile Include="code\EngineSystem\SystemLog.cpp">
      <Filter>ソース ファイル</Filter>
    </ClCompile>
    <ClCompile Include="WaveMeshField.cpp">
      <Filter>ソース ファイル</Filter>
    </ClCompile>
    <ClCompile Include="code\EngineSystem\EngineConsole.cpp">
      <Filter>ソース ファイル</Filter>
    </ClCompile>
    <ClCompile Include="code\RCCppMainLoop.cpp">
      <Filter>ソース ファイル</Filter>
    </ClCompile>
    <ClCompile Include="code\StdioLogSystem.cpp">
      <Filter>ソース ファイル</Filter>
    </ClCompile>
    <ClCompile Include="code\imgui\imgui_canvas.cpp">
      <Filter>ソース ファイル</Filter>
    </ClCompile>
    <ClCompile Include="code\imgui\imgui_node_editor.cpp">
      <Filter>ソース ファイル</Filter>
    </ClCompile>
    <ClCompile Include="code\imgui\imgui_node_editor_api.cpp">
      <Filter>ソース ファイル</Filter>
    </ClCompile>
    <ClCompile Include="code\ImGuiUser\NodeEditor.cpp">
      <Filter>ソース ファイル</Filter>
    </ClCompile>
    <ClCompile Include="code\imgui\crude_json.cpp">
      <Filter>ソース ファイル</Filter>
    </ClCompile>
    <ClCompile Include="scripts\RhythmGameScript\Notes.cpp">
      <Filter>ソース ファイル</Filter>
    </ClCompile>
    <ClCompile Include="scripts\RhythmGameScript\NotesManager.cpp">
      <Filter>ソース ファイル</Filter>
    </ClCompile>
    <ClCompile Include="scripts\RhythmGameScript\GameManager.cpp">
      <Filter>ソース ファイル</Filter>
    </ClCompile>
    <ClCompile Include="code\EngineSystem\VCProjectManager.cpp">
      <Filter>ソース ファイル</Filter>
    </ClCompile>
  </ItemGroup>
  <ItemGroup>
    <ClInclude Include="code\EngineSystem\AudioManager.h">
      <Filter>ヘッダー ファイル\EngineSystem</Filter>
    </ClInclude>
    <ClInclude Include="code\EngineSystem\CollisionManager.h">
      <Filter>ヘッダー ファイル\EngineSystem</Filter>
    </ClInclude>
    <ClInclude Include="code\EngineSystem\Editor.h">
      <Filter>ヘッダー ファイル\EngineSystem</Filter>
    </ClInclude>
    <ClInclude Include="code\EngineSystem\EditorView.h">
      <Filter>ヘッダー ファイル\EngineSystem</Filter>
    </ClInclude>
    <ClInclude Include="code\EngineSystem\EditorWindow.h">
      <Filter>ヘッダー ファイル\EngineSystem</Filter>
    </ClInclude>
    <ClInclude Include="code\EngineSystem\EngineMetaFile.h">
      <Filter>ヘッダー ファイル\EngineSystem</Filter>
    </ClInclude>
    <ClInclude Include="code\EngineSystem\FrameWork.h">
      <Filter>ヘッダー ファイル\EngineSystem</Filter>
    </ClInclude>
    <ClInclude Include="code\EngineSystem\GUI.h">
      <Filter>ヘッダー ファイル\EngineSystem</Filter>
    </ClInclude>
    <ClInclude Include="code\EngineSystem\MainEngine.h">
      <Filter>ヘッダー ファイル\EngineSystem</Filter>
    </ClInclude>
    <ClInclude Include="code\EngineSystem\ScriptDirectoryWatcher.h">
      <Filter>ヘッダー ファイル\EngineSystem</Filter>
    </ClInclude>
    <ClInclude Include="code\EngineSystem\ProjectWindow.h">
      <Filter>ヘッダー ファイル\EngineSystem</Filter>
    </ClInclude>
    <ClInclude Include="code\EngineSystem\Material.h">
      <Filter>ヘッダー ファイル\EngineSystem</Filter>
    </ClInclude>
    <ClInclude Include="code\EngineSystem\MathO.h">
      <Filter>ヘッダー ファイル\EngineSystem</Filter>
    </ClInclude>
    <ClInclude Include="code\EngineSystem\MatrixO.h">
      <Filter>ヘッダー ファイル\EngineSystem</Filter>
    </ClInclude>
    <ClInclude Include="code\EngineSystem\Object.h">
      <Filter>ヘッダー ファイル\EngineSystem</Filter>
    </ClInclude>
    <ClInclude Include="code\EngineSystem\ParticleManager.h">
      <Filter>ヘッダー ファイル\EngineSystem</Filter>
    </ClInclude>
    <ClInclude Include="code\EngineSystem\Properties.h">
      <Filter>ヘッダー ファイル\EngineSystem</Filter>
    </ClInclude>
    <ClInclude Include="code\EngineSystem\RenderCore.h">
      <Filter>ヘッダー ファイル\EngineSystem</Filter>
    </ClInclude>
    <ClInclude Include="code\EngineSystem\ScriptFactory.h">
      <Filter>ヘッダー ファイル\EngineSystem</Filter>
    </ClInclude>
    <ClInclude Include="code\EngineSystem\VectorO.h">
      <Filter>ヘッダー ファイル\EngineSystem</Filter>
    </ClInclude>
    <ClInclude Include="code\DataManager\VertexIndex.h">
      <Filter>ヘッダー ファイル\EngineSystem</Filter>
    </ClInclude>
    <ClInclude Include="code\components\Animation.h">
      <Filter>ヘッダー ファイル\Component</Filter>
    </ClInclude>
    <ClInclude Include="code\components\Audio.h">
      <Filter>ヘッダー ファイル\Component</Filter>
    </ClInclude>
    <ClInclude Include="code\components\Billboard.h">
      <Filter>ヘッダー ファイル\Component</Filter>
    </ClInclude>
    <ClInclude Include="code\components\Collider.h">
      <Filter>ヘッダー ファイル\Component</Filter>
    </ClInclude>
    <ClInclude Include="code\components\Component.h">
      <Filter>ヘッダー ファイル\Component</Filter>
    </ClInclude>
    <ClInclude Include="code\components\Component_Camera.h">
      <Filter>ヘッダー ファイル\Component</Filter>
    </ClInclude>
    <ClInclude Include="code\components\Component_CubeMesh.h">
      <Filter>ヘッダー ファイル\Component</Filter>
    </ClInclude>
    <ClInclude Include="code\components\Component_InputSystem.h">
      <Filter>ヘッダー ファイル\Component</Filter>
    </ClInclude>
    <ClInclude Include="code\EngineSystem\Component_Light.h">
      <Filter>ヘッダー ファイル\Component</Filter>
    </ClInclude>
    <ClInclude Include="code\components\Component_MeshFilter.h">
      <Filter>ヘッダー ファイル\Component</Filter>
    </ClInclude>
    <ClInclude Include="code\components\Component_MeshRenderer.h">
      <Filter>ヘッダー ファイル\Component</Filter>
    </ClInclude>
    <ClInclude Include="code\components\Component_Transform.h">
      <Filter>ヘッダー ファイル\Component</Filter>
    </ClInclude>
    <ClInclude Include="code\components\EditorCamera.h">
      <Filter>ヘッダー ファイル\Component</Filter>
    </ClInclude>
    <ClInclude Include="code\components\Explosion.h">
      <Filter>ヘッダー ファイル\Component</Filter>
    </ClInclude>
    <ClInclude Include="code\components\MeshField.h">
      <Filter>ヘッダー ファイル\Component</Filter>
    </ClInclude>
    <ClInclude Include="code\components\Particle.h">
      <Filter>ヘッダー ファイル\Component</Filter>
    </ClInclude>
    <ClInclude Include="code\components\PlaneMesh.h">
      <Filter>ヘッダー ファイル\Component</Filter>
    </ClInclude>
    <ClInclude Include="code\EngineSystem\PostProcessRenderer.h">
      <Filter>ヘッダー ファイル\Component</Filter>
    </ClInclude>
    <ClInclude Include="code\EngineSystem\PostProcessTexture.h">
      <Filter>ヘッダー ファイル\Component</Filter>
    </ClInclude>
    <ClInclude Include="code\components\RenderTexture.h">
      <Filter>ヘッダー ファイル\Component</Filter>
    </ClInclude>
    <ClInclude Include="code\components\SkinnedMeshRenderer.h">
      <Filter>ヘッダー ファイル\Component</Filter>
    </ClInclude>
    <ClInclude Include="code\components\SpriteMesh.h">
      <Filter>ヘッダー ファイル\Component</Filter>
    </ClInclude>
    <ClInclude Include="scripts\TornadoParticle.h">
      <Filter>ヘッダー ファイル\Component</Filter>
    </ClInclude>
    <ClInclude Include="code\EngineSystem\ComponentFactory.h">
      <Filter>ヘッダー ファイル\EngineSystem</Filter>
    </ClInclude>
    <ClInclude Include="code\DataManager\CSVExporter.h">
      <Filter>ヘッダー ファイル\DataManager</Filter>
    </ClInclude>
    <ClInclude Include="code\DataManager\SceneExporter.h">
      <Filter>ヘッダー ファイル\DataManager</Filter>
    </ClInclude>
    <ClInclude Include="code\DataManager\CSVImporter.h">
      <Filter>ヘッダー ファイル\DataManager</Filter>
    </ClInclude>
    <ClInclude Include="code\DataManager\SceneImporter.h">
      <Filter>ヘッダー ファイル\DataManager</Filter>
    </ClInclude>
    <ClInclude Include="code\DataManager\Prefab.h">
      <Filter>ヘッダー ファイル\DataManager</Filter>
    </ClInclude>
    <ClInclude Include="code\DataManager\FBXImporter.h">
      <Filter>ヘッダー ファイル\DataManager</Filter>
    </ClInclude>
    <ClInclude Include="code\DataManager\OBJLoader.h">
      <Filter>ヘッダー ファイル\DataManager</Filter>
    </ClInclude>
    <ClInclude Include="code\imgui\imconfig.h">
      <Filter>ヘッダー ファイル\ImGui</Filter>
    </ClInclude>
    <ClInclude Include="code\imgui\imgui.h">
      <Filter>ヘッダー ファイル\ImGui</Filter>
    </ClInclude>
    <ClInclude Include="code\imgui\imgui_impl_dx11.h">
      <Filter>ヘッダー ファイル\ImGui</Filter>
    </ClInclude>
    <ClInclude Include="code\imgui\imgui_impl_win32.h">
      <Filter>ヘッダー ファイル\ImGui</Filter>
    </ClInclude>
    <ClInclude Include="code\imgui\imgui_internal.h">
      <Filter>ヘッダー ファイル\ImGui</Filter>
    </ClInclude>
    <ClInclude Include="code\imgui\ImGuizmo.h">
      <Filter>ヘッダー ファイル\ImGui</Filter>
    </ClInclude>
    <ClInclude Include="code\imgui\imstb_rectpack.h">
      <Filter>ヘッダー ファイル\ImGui</Filter>
    </ClInclude>
    <ClInclude Include="code\imgui\imstb_textedit.h">
      <Filter>ヘッダー ファイル\ImGui</Filter>
    </ClInclude>
    <ClInclude Include="code\imgui\imstb_truetype.h">
      <Filter>ヘッダー ファイル\ImGui</Filter>
    </ClInclude>
    <ClInclude Include="code\EngineSystem\Inspector.h">
      <Filter>ヘッダー ファイル\EngineSystem</Filter>
    </ClInclude>
    <ClInclude Include="code\input\Gamepad.h">
      <Filter>ヘッダー ファイル\Input</Filter>
    </ClInclude>
    <ClInclude Include="code\input\Keyboard.h">
      <Filter>ヘッダー ファイル\Input</Filter>
    </ClInclude>
    <ClInclude Include="code\input\Mouse.h">
      <Filter>ヘッダー ファイル\Input</Filter>
    </ClInclude>
    <ClInclude Include="code\components\Renderer.h">
      <Filter>ヘッダー ファイル\Component</Filter>
    </ClInclude>
    <ClInclude Include="scripts\Game.h">
      <Filter>ヘッダー ファイル\Script</Filter>
    </ClInclude>
    <ClInclude Include="code\components\MonoBehavior.h">
      <Filter>ヘッダー ファイル\Script</Filter>
    </ClInclude>
    <ClInclude Include="scripts\Player.h">
      <Filter>ヘッダー ファイル\Script</Filter>
    </ClInclude>
    <ClInclude Include="scripts\Result.h">
      <Filter>ヘッダー ファイル\Script</Filter>
    </ClInclude>
    <ClInclude Include="code\EngineSystem\Script.h">
      <Filter>ヘッダー ファイル\Script</Filter>
    </ClInclude>
    <ClInclude Include="code\EngineSystem\ScriptComponent.h">
      <Filter>ヘッダー ファイル\Script</Filter>
    </ClInclude>
    <ClInclude Include="scripts\Title.h">
      <Filter>ヘッダー ファイル\Script</Filter>
    </ClInclude>
    <ClInclude Include="scripts\GameManager.h">
      <Filter>ヘッダー ファイル\Script</Filter>
    </ClInclude>
    <ClInclude Include="scripts\PlayerControl.h">
      <Filter>ヘッダー ファイル\Script</Filter>
    </ClInclude>
    <ClInclude Include="resource\resource.h">
      <Filter>ヘッダー ファイル</Filter>
    </ClInclude>
    <ClInclude Include="code\EngineSystem\EngineAPI.h">
      <Filter>ヘッダー ファイル\EngineSystem</Filter>
    </ClInclude>
    <ClInclude Include="code\EngineSystem\EngineConsole.h">
      <Filter>ヘッダー ファイル\EngineSystem</Filter>
    </ClInclude>
    <ClInclude Include="ScriptFactory.h">
      <Filter>ヘッダー ファイル\EngineSystem</Filter>
    </ClInclude>
    <ClInclude Include="code\EngineSystem\SystemLog.h">
      <Filter>ヘッダー ファイル\EngineSystem</Filter>
    </ClInclude>
    <ClInclude Include="code\EngineSystem\SystemMonitor.h">
      <Filter>ヘッダー ファイル\EngineSystem</Filter>
    </ClInclude>
    <ClInclude Include="code\EngineSystem\TimeSystem.h">
      <Filter>ヘッダー ファイル\EngineSystem</Filter>
    </ClInclude>
    <ClInclude Include="code\SystemTable.h">
      <Filter>ヘッダー ファイル\EngineSystem</Filter>
    </ClInclude>
    <ClInclude Include="code\components\PlayerCamera.h">
      <Filter>ヘッダー ファイル\Script</Filter>
    </ClInclude>
    <ClInclude Include="code\components\MeshFieldCollider.h">
      <Filter>ヘッダー ファイル\Component</Filter>
    </ClInclude>
    <ClInclude Include="scripts\Score.h">
      <Filter>ヘッダー ファイル\Script</Filter>
    </ClInclude>
    <ClInclude Include="code\components\Sky.h">
      <Filter>ヘッダー ファイル\Script</Filter>
    </ClInclude>
    <ClInclude Include="code\StdioLogSystem.h">
      <Filter>ヘッダー ファイル\RuntimeCompile</Filter>
    </ClInclude>
    <ClInclude Include="code\Compile\RuntimeTracking.h">
      <Filter>ヘッダー ファイル\RuntimeCompile</Filter>
    </ClInclude>
    <ClInclude Include="code\Compile\RuntimeObject.h">
      <Filter>ヘッダー ファイル\RuntimeCompile</Filter>
    </ClInclude>
    <ClInclude Include="code\Compile\RuntimeInclude.h">
      <Filter>ヘッダー ファイル\RuntimeCompile</Filter>
    </ClInclude>
    <ClInclude Include="code\EngineSystem\RuntimeCompilerManager.h">
      <Filter>ヘッダー ファイル\RuntimeCompile</Filter>
    </ClInclude>
    <ClInclude Include="code\RCCppMainLoop.h">
      <Filter>ヘッダー ファイル\RuntimeCompile</Filter>
    </ClInclude>
    <ClInclude Include="WaveMeshField.h">
      <Filter>ヘッダー ファイル\Component</Filter>
    </ClInclude>
    <ClInclude Include="code\components\Rigidbody.h">
      <Filter>ヘッダー ファイル\Component</Filter>
    </ClInclude>
    <ClInclude Include="code\imgui\imgui_canvas.h">
      <Filter>ヘッダー ファイル\ImGui</Filter>
    </ClInclude>
    <ClInclude Include="code\imgui\imgui_node_editor.h">
      <Filter>ヘッダー ファイル\ImGui</Filter>
    </ClInclude>
    <ClInclude Include="scripts\RhythmGameScript\Notes.h">
      <Filter>ヘッダー ファイル</Filter>
    </ClInclude>
    <ClInclude Include="scripts\RhythmGameScript\NotesManager.h">
      <Filter>ヘッダー ファイル</Filter>
    </ClInclude>
    <ClInclude Include="scripts\RhythmGameScript\GameManager.h">
      <Filter>ヘッダー ファイル</Filter>
    </ClInclude>
    <ClInclude Include="code\EngineSystem\VCProjectManager.h">
      <Filter>ヘッダー ファイル</Filter>
    </ClInclude>
  </ItemGroup>
  <ItemGroup>
    <FxCompile Include="code\shader\limLightingPS.hlsl">
      <Filter>シェーダー ファイル</Filter>
    </FxCompile>
    <FxCompile Include="code\shader\mosaicPS.hlsl">
      <Filter>シェーダー ファイル</Filter>
    </FxCompile>
    <FxCompile Include="code\shader\PBRPS.hlsl">
      <Filter>シェーダー ファイル</Filter>
    </FxCompile>
    <FxCompile Include="code\shader\PBRVS.hlsl">
      <Filter>シェーダー ファイル</Filter>
    </FxCompile>
    <FxCompile Include="code\shader\pixelLightingPS.hlsl">
      <Filter>シェーダー ファイル</Filter>
    </FxCompile>
    <FxCompile Include="code\shader\pixelLightingVS.hlsl">
      <Filter>シェーダー ファイル</Filter>
    </FxCompile>
    <FxCompile Include="code\shader\pixelShader.hlsl">
      <Filter>シェーダー ファイル</Filter>
    </FxCompile>
    <FxCompile Include="code\shader\pointLightingBlinnPhongPS.hlsl">
      <Filter>シェーダー ファイル</Filter>
    </FxCompile>
    <FxCompile Include="code\shader\PosterisePS.hlsl">
      <Filter>シェーダー ファイル</Filter>
    </FxCompile>
    <FxCompile Include="code\shader\RGBShiftPS.hlsl">
      <Filter>シェーダー ファイル</Filter>
    </FxCompile>
    <FxCompile Include="code\shader\spotLightingPS.hlsl">
      <Filter>シェーダー ファイル</Filter>
    </FxCompile>
    <FxCompile Include="code\shader\spotLightingVS.hlsl">
      <Filter>シェーダー ファイル</Filter>
    </FxCompile>
    <FxCompile Include="code\shader\toon1PS.hlsl">
      <Filter>シェーダー ファイル</Filter>
    </FxCompile>
    <FxCompile Include="code\shader\toon1VS.hlsl">
      <Filter>シェーダー ファイル</Filter>
    </FxCompile>
    <FxCompile Include="code\shader\toon2PS.hlsl">
      <Filter>シェーダー ファイル</Filter>
    </FxCompile>
    <FxCompile Include="code\shader\toon2VS.hlsl">
      <Filter>シェーダー ファイル</Filter>
    </FxCompile>
    <FxCompile Include="code\shader\unlitColorPS.hlsl">
      <Filter>シェーダー ファイル</Filter>
    </FxCompile>
    <FxCompile Include="code\shader\unlitColorVS.hlsl">
      <Filter>シェーダー ファイル</Filter>
    </FxCompile>
    <FxCompile Include="code\shader\unlitTexturePS.hlsl">
      <Filter>シェーダー ファイル</Filter>
    </FxCompile>
    <FxCompile Include="code\shader\unlitTextureVS.hlsl">
      <Filter>シェーダー ファイル</Filter>
    </FxCompile>
    <FxCompile Include="code\shader\vertexDirectionalLightingPS.hlsl">
      <Filter>シェーダー ファイル</Filter>
    </FxCompile>
    <FxCompile Include="code\shader\vertexDirectionalLightingVS.hlsl">
      <Filter>シェーダー ファイル</Filter>
    </FxCompile>
    <FxCompile Include="code\shader\vertexShader.hlsl">
      <Filter>シェーダー ファイル</Filter>
    </FxCompile>
    <FxCompile Include="code\shader\blinnPhongPS.hlsl">
      <Filter>シェーダー ファイル</Filter>
    </FxCompile>
    <FxCompile Include="code\shader\blinnPhongVS.hlsl">
      <Filter>シェーダー ファイル</Filter>
    </FxCompile>
    <FxCompile Include="code\shader\bumpPS.hlsl">
      <Filter>シェーダー ファイル</Filter>
    </FxCompile>
    <FxCompile Include="code\shader\bumpVS.hlsl">
      <Filter>シェーダー ファイル</Filter>
    </FxCompile>
    <FxCompile Include="code\shader\common.hlsl">
      <Filter>シェーダー ファイル</Filter>
    </FxCompile>
    <FxCompile Include="code\shader\cookPS.hlsl">
      <Filter>シェーダー ファイル</Filter>
    </FxCompile>
    <FxCompile Include="code\shader\GaussianPS_H.hlsl">
      <Filter>シェーダー ファイル</Filter>
    </FxCompile>
    <FxCompile Include="code\shader\GaussianPS_V.hlsl">
      <Filter>シェーダー ファイル</Filter>
    </FxCompile>
    <FxCompile Include="code\shader\grayscalePS.hlsl">
      <Filter>シェーダー ファイル</Filter>
    </FxCompile>
    <FxCompile Include="code\shader\grayscaleVS.hlsl">
      <Filter>シェーダー ファイル</Filter>
    </FxCompile>
    <FxCompile Include="code\shader\hemisphereLightingPS.hlsl">
      <Filter>シェーダー ファイル</Filter>
    </FxCompile>
    <FxCompile Include="code\shader\hemisphereLightingVS.hlsl">
      <Filter>シェーダー ファイル</Filter>
    </FxCompile>
    <FxCompile Include="code\shader\WaveVS.hlsl">
      <Filter>シェーダー ファイル</Filter>
    </FxCompile>
    <FxCompile Include="code\shader\WavePS.hlsl">
      <Filter>シェーダー ファイル</Filter>
    </FxCompile>
    <FxCompile Include="code\shader\stealthPS.hlsl">
      <Filter>シェーダー ファイル</Filter>
    </FxCompile>
    <FxCompile Include="code\shader\stealthVS.hlsl">
      <Filter>シェーダー ファイル</Filter>
    </FxCompile>
    <FxCompile Include="code\shader\EnvMapPS.hlsl">
      <Filter>シェーダー ファイル</Filter>
    </FxCompile>
    <FxCompile Include="code\shader\ProjectionShadowPS.hlsl">
      <Filter>シェーダー ファイル</Filter>
    </FxCompile>
    <FxCompile Include="code\shader\ProjectionShadowVS.hlsl">
      <Filter>シェーダー ファイル</Filter>
    </FxCompile>
    <FxCompile Include="code\shader\ProjectionShadow1VS.hlsl">
      <Filter>シェーダー ファイル</Filter>
    </FxCompile>
    <FxCompile Include="code\shader\ProjectionShadow1PS.hlsl">
      <Filter>シェーダー ファイル</Filter>
    </FxCompile>
    <FxCompile Include="code\shader\Instancing.hlsl">
      <Filter>シェーダー ファイル</Filter>
    </FxCompile>
  </ItemGroup>
</Project>