
Microsoft Visual Studio Solution File, Format Version 12.00
# Visual Studio Version 17
Project("{2150E333-8FDC-42A3-9474-1A3956D46DE8}") = "CMakePredefinedTargets", "CMakePredefinedTargets", "{12FFA4E0-33AD-3DC4-9B00-841281590EB7}"
EndProject
Project("{2150E333-8FDC-42A3-9474-1A3956D46DE8}") = "CTestDashboardTargets", "CTestDashboardTargets", "{C7276899-6D1D-392A-96FF-24C6D737E858}"
EndProject
Project("{8BC9CEB8-8B4A-11D0-8D11-00A0C91BC942}") = "ALL_BUILD", "ALL_BUILD.vcxproj", "{C12077F3-B369-31C8-AC97-57EDE4EF8F8A}"
	ProjectSection(ProjectDependencies) = postProject
		{3C1FFAD6-B25B-397F-9C84-68C22934DEA0} = {3C1FFAD6-B25B-397F-9C84-68C22934DEA0}
		{D823E431-0F71-33D3-899B-EB19E375A0EA} = {D823E431-0F71-33D3-899B-EB19E375A0EA}
		{0F8D8EA7-740D-30D6-9E90-886F5991F275} = {0F8D8EA7-740D-30D6-9E90-886F5991F275}
		{D23C68B1-6C3E-369E-AF5B-F68DFD3AC664} = {D23C68B1-6C3E-369E-AF5B-F68DFD3AC664}
		{AFC72D65-672D-3545-8B2F-5F82D2EE1D20} = {AFC72D65-672D-3545-8B2F-5F82D2EE1D20}
		{ADABD73C-07E7-3DF4-833A-B0043813D8B8} = {ADABD73C-07E7-3DF4-833A-B0043813D8B8}
		{6EA75249-AF54-375C-A59D-CEE6FFB2976A} = {6EA75249-AF54-375C-A59D-CEE6FFB2976A}
		{854C725D-F87B-3BA2-94C7-CFDCF6922443} = {854C725D-F87B-3BA2-94C7-CFDCF6922443}
		{CD175B7B-DEC3-3C2C-85F8-0EFC725614CD} = {CD175B7B-DEC3-3C2C-85F8-0EFC725614CD}
		{1E856CD8-393D-3055-8D24-808D4B550FFD} = {1E856CD8-393D-3055-8D24-808D4B550FFD}
	EndProjectSection
EndProject
Project("{8BC9CEB8-8B4A-11D0-8D11-00A0C91BC942}") = "Continuous", "Continuous.vcxproj", "{F8E64112-7941-3FDB-9ECE-8741FC7701C3}"
	ProjectSection(ProjectDependencies) = postProject
		{3C1FFAD6-B25B-397F-9C84-68C22934DEA0} = {3C1FFAD6-B25B-397F-9C84-68C22934DEA0}
	EndProjectSection
EndProject
Project("{8BC9CEB8-8B4A-11D0-8D11-00A0C91BC942}") = "Experimental", "Experimental.vcxproj", "{01E3928F-1934-3509-8992-46418077A976}"
	ProjectSection(ProjectDependencies) = postProject
		{3C1FFAD6-B25B-397F-9C84-68C22934DEA0} = {3C1FFAD6-B25B-397F-9C84-68C22934DEA0}
	EndProjectSection
EndProject
Project("{8BC9CEB8-8B4A-11D0-8D11-00A0C91BC942}") = "INSTALL", "INSTALL.vcxproj", "{5D8E9F59-1D43-3F93-BCD4-6AF47D7EF50E}"
	ProjectSection(ProjectDependencies) = postProject
		{C12077F3-B369-31C8-AC97-57EDE4EF8F8A} = {C12077F3-B369-31C8-AC97-57EDE4EF8F8A}
		{3C1FFAD6-B25B-397F-9C84-68C22934DEA0} = {3C1FFAD6-B25B-397F-9C84-68C22934DEA0}
	EndProjectSection
EndProject
Project("{8BC9CEB8-8B4A-11D0-8D11-00A0C91BC942}") = "Nightly", "Nightly.vcxproj", "{AAA3B809-C77C-319E-BF70-56416ED47343}"
	ProjectSection(ProjectDependencies) = postProject
		{3C1FFAD6-B25B-397F-9C84-68C22934DEA0} = {3C1FFAD6-B25B-397F-9C84-68C22934DEA0}
	EndProjectSection
EndProject
Project("{8BC9CEB8-8B4A-11D0-8D11-00A0C91BC942}") = "NightlyMemoryCheck", "NightlyMemoryCheck.vcxproj", "{F3CB8932-353C-30B6-A43B-D2C6A35788CC}"
	ProjectSection(ProjectDependencies) = postProject
		{3C1FFAD6-B25B-397F-9C84-68C22934DEA0} = {3C1FFAD6-B25B-397F-9C84-68C22934DEA0}
	EndProjectSection
EndProject
Project("{8BC9CEB8-8B4A-11D0-8D11-00A0C91BC942}") = "RUN_TESTS", "RUN_TESTS.vcxproj", "{B069D1F7-BCC1-36E1-BB2A-48A6A09DDECA}"
	ProjectSection(ProjectDependencies) = postProject
		{3C1FFAD6-B25B-397F-9C84-68C22934DEA0} = {3C1FFAD6-B25B-397F-9C84-68C22934DEA0}
	EndProjectSection
EndProject
Project("{8BC9CEB8-8B4A-11D0-8D11-00A0C91BC942}") = "ZERO_CHECK", "ZERO_CHECK.vcxproj", "{3C1FFAD6-B25B-397F-9C84-68C22934DEA0}"
	ProjectSection(ProjectDependencies) = postProject
	EndProjectSection
EndProject
Project("{8BC9CEB8-8B4A-11D0-8D11-00A0C91BC942}") = "gmock", "test\prefix\googlemock\gmock.vcxproj", "{D823E431-0F71-33D3-899B-EB19E375A0EA}"
	ProjectSection(ProjectDependencies) = postProject
		{3C1FFAD6-B25B-397F-9C84-68C22934DEA0} = {3C1FFAD6-B25B-397F-9C84-68C22934DEA0}
	EndProjectSection
EndProject
Project("{8BC9CEB8-8B4A-11D0-8D11-00A0C91BC942}") = "gmock_main", "test\prefix\googlemock\gmock_main.vcxproj", "{0F8D8EA7-740D-30D6-9E90-886F5991F275}"
	ProjectSection(ProjectDependencies) = postProject
		{3C1FFAD6-B25B-397F-9C84-68C22934DEA0} = {3C1FFAD6-B25B-397F-9C84-68C22934DEA0}
	EndProjectSection
EndProject
Project("{8BC9CEB8-8B4A-11D0-8D11-00A0C91BC942}") = "gtest", "test\prefix\googletest\gtest.vcxproj", "{D23C68B1-6C3E-369E-AF5B-F68DFD3AC664}"
	ProjectSection(ProjectDependencies) = postProject
		{3C1FFAD6-B25B-397F-9C84-68C22934DEA0} = {3C1FFAD6-B25B-397F-9C84-68C22934DEA0}
	EndProjectSection
EndProject
Project("{8BC9CEB8-8B4A-11D0-8D11-00A0C91BC942}") = "gtest_main", "test\prefix\googletest\gtest_main.vcxproj", "{AFC72D65-672D-3545-8B2F-5F82D2EE1D20}"
	ProjectSection(ProjectDependencies) = postProject
		{3C1FFAD6-B25B-397F-9C84-68C22934DEA0} = {3C1FFAD6-B25B-397F-9C84-68C22934DEA0}
		{D23C68B1-6C3E-369E-AF5B-F68DFD3AC664} = {D23C68B1-6C3E-369E-AF5B-F68DFD3AC664}
	EndProjectSection
EndProject
Project("{8BC9CEB8-8B4A-11D0-8D11-00A0C91BC942}") = "uninstall", "uninstall.vcxproj", "{8F53392B-C78F-3798-93F1-2464F7F44CF4}"
	ProjectSection(ProjectDependencies) = postProject
		{3C1FFAD6-B25B-397F-9C84-68C22934DEA0} = {3C1FFAD6-B25B-397F-9C84-68C22934DEA0}
	EndProjectSection
EndProject
Project("{8BC9CEB8-8B4A-11D0-8D11-00A0C91BC942}") = "yaml-cpp", "yaml-cpp.vcxproj", "{ADABD73C-07E7-3DF4-833A-B0043813D8B8}"
	ProjectSection(ProjectDependencies) = postProject
		{3C1FFAD6-B25B-397F-9C84-68C22934DEA0} = {3C1FFAD6-B25B-397F-9C84-68C22934DEA0}
	EndProjectSection
EndProject
Project("{8BC9CEB8-8B4A-11D0-8D11-00A0C91BC942}") = "yaml-cpp-parse", "util\yaml-cpp-parse.vcxproj", "{6EA75249-AF54-375C-A59D-CEE6FFB2976A}"
	ProjectSection(ProjectDependencies) = postProject
		{3C1FFAD6-B25B-397F-9C84-68C22934DEA0} = {3C1FFAD6-B25B-397F-9C84-68C22934DEA0}
		{ADABD73C-07E7-3DF4-833A-B0043813D8B8} = {ADABD73C-07E7-3DF4-833A-B0043813D8B8}
	EndProjectSection
EndProject
Project("{8BC9CEB8-8B4A-11D0-8D11-00A0C91BC942}") = "yaml-cpp-read", "util\yaml-cpp-read.vcxproj", "{854C725D-F87B-3BA2-94C7-CFDCF6922443}"
	ProjectSection(ProjectDependencies) = postProject
		{3C1FFAD6-B25B-397F-9C84-68C22934DEA0} = {3C1FFAD6-B25B-397F-9C84-68C22934DEA0}
		{ADABD73C-07E7-3DF4-833A-B0043813D8B8} = {ADABD73C-07E7-3DF4-833A-B0043813D8B8}
	EndProjectSection
EndProject
Project("{8BC9CEB8-8B4A-11D0-8D11-00A0C91BC942}") = "yaml-cpp-sandbox", "util\yaml-cpp-sandbox.vcxproj", "{CD175B7B-DEC3-3C2C-85F8-0EFC725614CD}"
	ProjectSection(ProjectDependencies) = postProject
		{3C1FFAD6-B25B-397F-9C84-68C22934DEA0} = {3C1FFAD6-B25B-397F-9C84-68C22934DEA0}
		{ADABD73C-07E7-3DF4-833A-B0043813D8B8} = {ADABD73C-07E7-3DF4-833A-B0043813D8B8}
	EndProjectSection
EndProject
Project("{8BC9CEB8-8B4A-11D0-8D11-00A0C91BC942}") = "yaml-cpp-tests", "test\yaml-cpp-tests.vcxproj", "{1E856CD8-393D-3055-8D24-808D4B550FFD}"
	ProjectSection(ProjectDependencies) = postProject
		{3C1FFAD6-B25B-397F-9C84-68C22934DEA0} = {3C1FFAD6-B25B-397F-9C84-68C22934DEA0}
		{D823E431-0F71-33D3-899B-EB19E375A0EA} = {D823E431-0F71-33D3-899B-EB19E375A0EA}
		{D23C68B1-6C3E-369E-AF5B-F68DFD3AC664} = {D23C68B1-6C3E-369E-AF5B-F68DFD3AC664}
		{ADABD73C-07E7-3DF4-833A-B0043813D8B8} = {ADABD73C-07E7-3DF4-833A-B0043813D8B8}
	EndProjectSection
EndProject
Global
	GlobalSection(SolutionConfigurationPlatforms) = preSolution
		Debug|x64 = Debug|x64
		Release|x64 = Release|x64
		MinSizeRel|x64 = MinSizeRel|x64
		RelWithDebInfo|x64 = RelWithDebInfo|x64
	EndGlobalSection
	GlobalSection(ProjectConfigurationPlatforms) = postSolution
		{C12077F3-B369-31C8-AC97-57EDE4EF8F8A}.Debug|x64.ActiveCfg = Debug|x64
		{C12077F3-B369-31C8-AC97-57EDE4EF8F8A}.Debug|x64.Build.0 = Debug|x64
		{C12077F3-B369-31C8-AC97-57EDE4EF8F8A}.Release|x64.ActiveCfg = Release|x64
		{C12077F3-B369-31C8-AC97-57EDE4EF8F8A}.Release|x64.Build.0 = Release|x64
		{C12077F3-B369-31C8-AC97-57EDE4EF8F8A}.MinSizeRel|x64.ActiveCfg = MinSizeRel|x64
		{C12077F3-B369-31C8-AC97-57EDE4EF8F8A}.MinSizeRel|x64.Build.0 = MinSizeRel|x64
		{C12077F3-B369-31C8-AC97-57EDE4EF8F8A}.RelWithDebInfo|x64.ActiveCfg = RelWithDebInfo|x64
		{C12077F3-B369-31C8-AC97-57EDE4EF8F8A}.RelWithDebInfo|x64.Build.0 = RelWithDebInfo|x64
		{F8E64112-7941-3FDB-9ECE-8741FC7701C3}.Debug|x64.ActiveCfg = Debug|x64
		{F8E64112-7941-3FDB-9ECE-8741FC7701C3}.Release|x64.ActiveCfg = Release|x64
		{F8E64112-7941-3FDB-9ECE-8741FC7701C3}.MinSizeRel|x64.ActiveCfg = MinSizeRel|x64
		{F8E64112-7941-3FDB-9ECE-8741FC7701C3}.RelWithDebInfo|x64.ActiveCfg = RelWithDebInfo|x64
		{01E3928F-1934-3509-8992-46418077A976}.Debug|x64.ActiveCfg = Debug|x64
		{01E3928F-1934-3509-8992-46418077A976}.Release|x64.ActiveCfg = Release|x64
		{01E3928F-1934-3509-8992-46418077A976}.MinSizeRel|x64.ActiveCfg = MinSizeRel|x64
		{01E3928F-1934-3509-8992-46418077A976}.RelWithDebInfo|x64.ActiveCfg = RelWithDebInfo|x64
		{5D8E9F59-1D43-3F93-BCD4-6AF47D7EF50E}.Debug|x64.ActiveCfg = Debug|x64
		{5D8E9F59-1D43-3F93-BCD4-6AF47D7EF50E}.Release|x64.ActiveCfg = Release|x64
		{5D8E9F59-1D43-3F93-BCD4-6AF47D7EF50E}.MinSizeRel|x64.ActiveCfg = MinSizeRel|x64
		{5D8E9F59-1D43-3F93-BCD4-6AF47D7EF50E}.RelWithDebInfo|x64.ActiveCfg = RelWithDebInfo|x64
		{AAA3B809-C77C-319E-BF70-56416ED47343}.Debug|x64.ActiveCfg = Debug|x64
		{AAA3B809-C77C-319E-BF70-56416ED47343}.Release|x64.ActiveCfg = Release|x64
		{AAA3B809-C77C-319E-BF70-56416ED47343}.MinSizeRel|x64.ActiveCfg = MinSizeRel|x64
		{AAA3B809-C77C-319E-BF70-56416ED47343}.RelWithDebInfo|x64.ActiveCfg = RelWithDebInfo|x64
		{F3CB8932-353C-30B6-A43B-D2C6A35788CC}.Debug|x64.ActiveCfg = Debug|x64
		{F3CB8932-353C-30B6-A43B-D2C6A35788CC}.Release|x64.ActiveCfg = Release|x64
		{F3CB8932-353C-30B6-A43B-D2C6A35788CC}.MinSizeRel|x64.ActiveCfg = MinSizeRel|x64
		{F3CB8932-353C-30B6-A43B-D2C6A35788CC}.RelWithDebInfo|x64.ActiveCfg = RelWithDebInfo|x64
		{B069D1F7-BCC1-36E1-BB2A-48A6A09DDECA}.Debug|x64.ActiveCfg = Debug|x64
		{B069D1F7-BCC1-36E1-BB2A-48A6A09DDECA}.Release|x64.ActiveCfg = Release|x64
		{B069D1F7-BCC1-36E1-BB2A-48A6A09DDECA}.MinSizeRel|x64.ActiveCfg = MinSizeRel|x64
		{B069D1F7-BCC1-36E1-BB2A-48A6A09DDECA}.RelWithDebInfo|x64.ActiveCfg = RelWithDebInfo|x64
		{3C1FFAD6-B25B-397F-9C84-68C22934DEA0}.Debug|x64.ActiveCfg = Debug|x64
		{3C1FFAD6-B25B-397F-9C84-68C22934DEA0}.Debug|x64.Build.0 = Debug|x64
		{3C1FFAD6-B25B-397F-9C84-68C22934DEA0}.Release|x64.ActiveCfg = Release|x64
		{3C1FFAD6-B25B-397F-9C84-68C22934DEA0}.Release|x64.Build.0 = Release|x64
		{3C1FFAD6-B25B-397F-9C84-68C22934DEA0}.MinSizeRel|x64.ActiveCfg = MinSizeRel|x64
		{3C1FFAD6-B25B-397F-9C84-68C22934DEA0}.MinSizeRel|x64.Build.0 = MinSizeRel|x64
		{3C1FFAD6-B25B-397F-9C84-68C22934DEA0}.RelWithDebInfo|x64.ActiveCfg = RelWithDebInfo|x64
		{3C1FFAD6-B25B-397F-9C84-68C22934DEA0}.RelWithDebInfo|x64.Build.0 = RelWithDebInfo|x64
		{D823E431-0F71-33D3-899B-EB19E375A0EA}.Debug|x64.ActiveCfg = Debug|x64
		{D823E431-0F71-33D3-899B-EB19E375A0EA}.Debug|x64.Build.0 = Debug|x64
		{D823E431-0F71-33D3-899B-EB19E375A0EA}.Release|x64.ActiveCfg = Release|x64
		{D823E431-0F71-33D3-899B-EB19E375A0EA}.Release|x64.Build.0 = Release|x64
		{D823E431-0F71-33D3-899B-EB19E375A0EA}.MinSizeRel|x64.ActiveCfg = MinSizeRel|x64
		{D823E431-0F71-33D3-899B-EB19E375A0EA}.MinSizeRel|x64.Build.0 = MinSizeRel|x64
		{D823E431-0F71-33D3-899B-EB19E375A0EA}.RelWithDebInfo|x64.ActiveCfg = RelWithDebInfo|x64
		{D823E431-0F71-33D3-899B-EB19E375A0EA}.RelWithDebInfo|x64.Build.0 = RelWithDebInfo|x64
		{0F8D8EA7-740D-30D6-9E90-886F5991F275}.Debug|x64.ActiveCfg = Debug|x64
		{0F8D8EA7-740D-30D6-9E90-886F5991F275}.Debug|x64.Build.0 = Debug|x64
		{0F8D8EA7-740D-30D6-9E90-886F5991F275}.Release|x64.ActiveCfg = Release|x64
		{0F8D8EA7-740D-30D6-9E90-886F5991F275}.Release|x64.Build.0 = Release|x64
		{0F8D8EA7-740D-30D6-9E90-886F5991F275}.MinSizeRel|x64.ActiveCfg = MinSizeRel|x64
		{0F8D8EA7-740D-30D6-9E90-886F5991F275}.MinSizeRel|x64.Build.0 = MinSizeRel|x64
		{0F8D8EA7-740D-30D6-9E90-886F5991F275}.RelWithDebInfo|x64.ActiveCfg = RelWithDebInfo|x64
		{0F8D8EA7-740D-30D6-9E90-886F5991F275}.RelWithDebInfo|x64.Build.0 = RelWithDebInfo|x64
		{D23C68B1-6C3E-369E-AF5B-F68DFD3AC664}.Debug|x64.ActiveCfg = Debug|x64
		{D23C68B1-6C3E-369E-AF5B-F68DFD3AC664}.Debug|x64.Build.0 = Debug|x64
		{D23C68B1-6C3E-369E-AF5B-F68DFD3AC664}.Release|x64.ActiveCfg = Release|x64
		{D23C68B1-6C3E-369E-AF5B-F68DFD3AC664}.Release|x64.Build.0 = Release|x64
		{D23C68B1-6C3E-369E-AF5B-F68DFD3AC664}.MinSizeRel|x64.ActiveCfg = MinSizeRel|x64
		{D23C68B1-6C3E-369E-AF5B-F68DFD3AC664}.MinSizeRel|x64.Build.0 = MinSizeRel|x64
		{D23C68B1-6C3E-369E-AF5B-F68DFD3AC664}.RelWithDebInfo|x64.ActiveCfg = RelWithDebInfo|x64
		{D23C68B1-6C3E-369E-AF5B-F68DFD3AC664}.RelWithDebInfo|x64.Build.0 = RelWithDebInfo|x64
		{AFC72D65-672D-3545-8B2F-5F82D2EE1D20}.Debug|x64.ActiveCfg = Debug|x64
		{AFC72D65-672D-3545-8B2F-5F82D2EE1D20}.Debug|x64.Build.0 = Debug|x64
		{AFC72D65-672D-3545-8B2F-5F82D2EE1D20}.Release|x64.ActiveCfg = Release|x64
		{AFC72D65-672D-3545-8B2F-5F82D2EE1D20}.Release|x64.Build.0 = Release|x64
		{AFC72D65-672D-3545-8B2F-5F82D2EE1D20}.MinSizeRel|x64.ActiveCfg = MinSizeRel|x64
		{AFC72D65-672D-3545-8B2F-5F82D2EE1D20}.MinSizeRel|x64.Build.0 = MinSizeRel|x64
		{AFC72D65-672D-3545-8B2F-5F82D2EE1D20}.RelWithDebInfo|x64.ActiveCfg = RelWithDebInfo|x64
		{AFC72D65-672D-3545-8B2F-5F82D2EE1D20}.RelWithDebInfo|x64.Build.0 = RelWithDebInfo|x64
		{8F53392B-C78F-3798-93F1-2464F7F44CF4}.Debug|x64.ActiveCfg = Debug|x64
		{8F53392B-C78F-3798-93F1-2464F7F44CF4}.Release|x64.ActiveCfg = Release|x64
		{8F53392B-C78F-3798-93F1-2464F7F44CF4}.MinSizeRel|x64.ActiveCfg = MinSizeRel|x64
		{8F53392B-C78F-3798-93F1-2464F7F44CF4}.RelWithDebInfo|x64.ActiveCfg = RelWithDebInfo|x64
		{ADABD73C-07E7-3DF4-833A-B0043813D8B8}.Debug|x64.ActiveCfg = Debug|x64
		{ADABD73C-07E7-3DF4-833A-B0043813D8B8}.Debug|x64.Build.0 = Debug|x64
		{ADABD73C-07E7-3DF4-833A-B0043813D8B8}.Release|x64.ActiveCfg = Release|x64
		{ADABD73C-07E7-3DF4-833A-B0043813D8B8}.Release|x64.Build.0 = Release|x64
		{ADABD73C-07E7-3DF4-833A-B0043813D8B8}.MinSizeRel|x64.ActiveCfg = MinSizeRel|x64
		{ADABD73C-07E7-3DF4-833A-B0043813D8B8}.MinSizeRel|x64.Build.0 = MinSizeRel|x64
		{ADABD73C-07E7-3DF4-833A-B0043813D8B8}.RelWithDebInfo|x64.ActiveCfg = RelWithDebInfo|x64
		{ADABD73C-07E7-3DF4-833A-B0043813D8B8}.RelWithDebInfo|x64.Build.0 = RelWithDebInfo|x64
		{6EA75249-AF54-375C-A59D-CEE6FFB2976A}.Debug|x64.ActiveCfg = Debug|x64
		{6EA75249-AF54-375C-A59D-CEE6FFB2976A}.Debug|x64.Build.0 = Debug|x64
		{6EA75249-AF54-375C-A59D-CEE6FFB2976A}.Release|x64.ActiveCfg = Release|x64
		{6EA75249-AF54-375C-A59D-CEE6FFB2976A}.Release|x64.Build.0 = Release|x64
		{6EA75249-AF54-375C-A59D-CEE6FFB2976A}.MinSizeRel|x64.ActiveCfg = MinSizeRel|x64
		{6EA75249-AF54-375C-A59D-CEE6FFB2976A}.MinSizeRel|x64.Build.0 = MinSizeRel|x64
		{6EA75249-AF54-375C-A59D-CEE6FFB2976A}.RelWithDebInfo|x64.ActiveCfg = RelWithDebInfo|x64
		{6EA75249-AF54-375C-A59D-CEE6FFB2976A}.RelWithDebInfo|x64.Build.0 = RelWithDebInfo|x64
		{854C725D-F87B-3BA2-94C7-CFDCF6922443}.Debug|x64.ActiveCfg = Debug|x64
		{854C725D-F87B-3BA2-94C7-CFDCF6922443}.Debug|x64.Build.0 = Debug|x64
		{854C725D-F87B-3BA2-94C7-CFDCF6922443}.Release|x64.ActiveCfg = Release|x64
		{854C725D-F87B-3BA2-94C7-CFDCF6922443}.Release|x64.Build.0 = Release|x64
		{854C725D-F87B-3BA2-94C7-CFDCF6922443}.MinSizeRel|x64.ActiveCfg = MinSizeRel|x64
		{854C725D-F87B-3BA2-94C7-CFDCF6922443}.MinSizeRel|x64.Build.0 = MinSizeRel|x64
		{854C725D-F87B-3BA2-94C7-CFDCF6922443}.RelWithDebInfo|x64.ActiveCfg = RelWithDebInfo|x64
		{854C725D-F87B-3BA2-94C7-CFDCF6922443}.RelWithDebInfo|x64.Build.0 = RelWithDebInfo|x64
		{CD175B7B-DEC3-3C2C-85F8-0EFC725614CD}.Debug|x64.ActiveCfg = Debug|x64
		{CD175B7B-DEC3-3C2C-85F8-0EFC725614CD}.Debug|x64.Build.0 = Debug|x64
		{CD175B7B-DEC3-3C2C-85F8-0EFC725614CD}.Release|x64.ActiveCfg = Release|x64
		{CD175B7B-DEC3-3C2C-85F8-0EFC725614CD}.Release|x64.Build.0 = Release|x64
		{CD175B7B-DEC3-3C2C-85F8-0EFC725614CD}.MinSizeRel|x64.ActiveCfg = MinSizeRel|x64
		{CD175B7B-DEC3-3C2C-85F8-0EFC725614CD}.MinSizeRel|x64.Build.0 = MinSizeRel|x64
		{CD175B7B-DEC3-3C2C-85F8-0EFC725614CD}.RelWithDebInfo|x64.ActiveCfg = RelWithDebInfo|x64
		{CD175B7B-DEC3-3C2C-85F8-0EFC725614CD}.RelWithDebInfo|x64.Build.0 = RelWithDebInfo|x64
		{1E856CD8-393D-3055-8D24-808D4B550FFD}.Debug|x64.ActiveCfg = Debug|x64
		{1E856CD8-393D-3055-8D24-808D4B550FFD}.Debug|x64.Build.0 = Debug|x64
		{1E856CD8-393D-3055-8D24-808D4B550FFD}.Release|x64.ActiveCfg = Release|x64
		{1E856CD8-393D-3055-8D24-808D4B550FFD}.Release|x64.Build.0 = Release|x64
		{1E856CD8-393D-3055-8D24-808D4B550FFD}.MinSizeRel|x64.ActiveCfg = MinSizeRel|x64
		{1E856CD8-393D-3055-8D24-808D4B550FFD}.MinSizeRel|x64.Build.0 = MinSizeRel|x64
		{1E856CD8-393D-3055-8D24-808D4B550FFD}.RelWithDebInfo|x64.ActiveCfg = RelWithDebInfo|x64
		{1E856CD8-393D-3055-8D24-808D4B550FFD}.RelWithDebInfo|x64.Build.0 = RelWithDebInfo|x64
	EndGlobalSection
	GlobalSection(NestedProjects) = preSolution
		{C12077F3-B369-31C8-AC97-57EDE4EF8F8A} = {12FFA4E0-33AD-3DC4-9B00-841281590EB7}
		{5D8E9F59-1D43-3F93-BCD4-6AF47D7EF50E} = {12FFA4E0-33AD-3DC4-9B00-841281590EB7}
		{B069D1F7-BCC1-36E1-BB2A-48A6A09DDECA} = {12FFA4E0-33AD-3DC4-9B00-841281590EB7}
		{3C1FFAD6-B25B-397F-9C84-68C22934DEA0} = {12FFA4E0-33AD-3DC4-9B00-841281590EB7}
		{F8E64112-7941-3FDB-9ECE-8741FC7701C3} = {C7276899-6D1D-392A-96FF-24C6D737E858}
		{01E3928F-1934-3509-8992-46418077A976} = {C7276899-6D1D-392A-96FF-24C6D737E858}
		{AAA3B809-C77C-319E-BF70-56416ED47343} = {C7276899-6D1D-392A-96FF-24C6D737E858}
		{F3CB8932-353C-30B6-A43B-D2C6A35788CC} = {C7276899-6D1D-392A-96FF-24C6D737E858}
	EndGlobalSection
	GlobalSection(ExtensibilityGlobals) = postSolution
		SolutionGuid = {73ED9F19-7227-3694-81E8-CCD43F18777D}
	EndGlobalSection
	GlobalSection(ExtensibilityAddIns) = postSolution
	EndGlobalSection
EndGlobal
